
Microsoft Visual Studio Solution File, Format Version 12.00
# Visual Studio Version 16
VisualStudioVersion = 16.0.31025.194
MinimumVisualStudioVersion = 10.0.40219.1
Project("{FAE04EC0-301F-11D3-BF4B-00C04F79EFBC}") = "WeeklyProject1", "WeeklyProject1\WeeklyProject1.csproj", "{20205659-15AA-4307-8793-329FE04E26A3}"
EndProject
Global
	GlobalSection(SolutionConfigurationPlatforms) = preSolution
		Debug|Any CPU = Debug|Any CPU
		Release|Any CPU = Release|Any CPU
	EndGlobalSection
	GlobalSection(ProjectConfigurationPlatforms) = postSolution
		{20205659-15AA-4307-8793-329FE04E26A3}.Debug|Any CPU.ActiveCfg = Debug|Any CPU
		{20205659-15AA-4307-8793-329FE04E26A3}.Debug|Any CPU.Build.0 = Debug|Any CPU
		{20205659-15AA-4307-8793-329FE04E26A3}.Release|Any CPU.ActiveCfg = Release|Any CPU
		{20205659-15AA-4307-8793-329FE04E26A3}.Release|Any CPU.Build.0 = Release|Any CPU
	EndGlobalSection
	GlobalSection(SolutionProperties) = preSolution
		HideSolutionNode = FALSE
	EndGlobalSection
	GlobalSection(ExtensibilityGlobals) = postSolution
		SolutionGuid = {540134C4-781F-4E3B-BC24-1C651103D727}
	EndGlobalSection
EndGlobal
